
Microsoft Visual Studio Solution File, Format Version 12.00
# Visual Studio Version 16
VisualStudioVersion = 16.0.29519.87
MinimumVisualStudioVersion = 10.0.40219.1
Project("{FAE04EC0-301F-11D3-BF4B-00C04F79EFBC}") = "PrestamoDeMaterial.UWP", "PrestamoDeMaterial\PrestamoDeMaterial.UWP\PrestamoDeMaterial.UWP.csproj", "{E024F8A0-6990-4C43-A94C-14DAD0F4CCA9}"
EndProject
Project("{FAE04EC0-301F-11D3-BF4B-00C04F79EFBC}") = "PrestamoDeMaterial.Android", "PrestamoDeMaterial\PrestamoDeMaterial.Android\PrestamoDeMaterial.Android.csproj", "{13AD4311-6FF3-4B97-8D4C-8BA842D80C11}"
EndProject
Project("{FAE04EC0-301F-11D3-BF4B-00C04F79EFBC}") = "PrestamoDeMaterial.iOS", "PrestamoDeMaterial\PrestamoDeMaterial.iOS\PrestamoDeMaterial.iOS.csproj", "{52033941-83A4-4A3F-BB0A-DAADA9CE6208}"
EndProject
Project("{FAE04EC0-301F-11D3-BF4B-00C04F79EFBC}") = "PrestamoDeMaterial", "PrestamoDeMaterial\PrestamoDeMaterial\PrestamoDeMaterial.csproj", "{4363C972-1372-4DCF-8374-E665B54FDA8F}"
EndProject
Global
	GlobalSection(SolutionConfigurationPlatforms) = preSolution
		Debug|Any CPU = Debug|Any CPU
		Debug|ARM = Debug|ARM
		Debug|iPhone = Debug|iPhone
		Debug|iPhoneSimulator = Debug|iPhoneSimulator
		Debug|x64 = Debug|x64
		Debug|x86 = Debug|x86
		Release|Any CPU = Release|Any CPU
		Release|ARM = Release|ARM
		Release|iPhone = Release|iPhone
		Release|iPhoneSimulator = Release|iPhoneSimulator
		Release|x64 = Release|x64
		Release|x86 = Release|x86
	EndGlobalSection
	GlobalSection(ProjectConfigurationPlatforms) = postSolution
		{E024F8A0-6990-4C43-A94C-14DAD0F4CCA9}.Debug|Any CPU.ActiveCfg = Debug|x86
		{E024F8A0-6990-4C43-A94C-14DAD0F4CCA9}.Debug|Any CPU.Build.0 = Debug|x86
		{E024F8A0-6990-4C43-A94C-14DAD0F4CCA9}.Debug|Any CPU.Deploy.0 = Debug|x86
		{E024F8A0-6990-4C43-A94C-14DAD0F4CCA9}.Debug|ARM.ActiveCfg = Debug|ARM
		{E024F8A0-6990-4C43-A94C-14DAD0F4CCA9}.Debug|ARM.Build.0 = Debug|ARM
		{E024F8A0-6990-4C43-A94C-14DAD0F4CCA9}.Debug|ARM.Deploy.0 = Debug|ARM
		{E024F8A0-6990-4C43-A94C-14DAD0F4CCA9}.Debug|iPhone.ActiveCfg = Debug|x86
		{E024F8A0-6990-4C43-A94C-14DAD0F4CCA9}.Debug|iPhone.Build.0 = Debug|x86
		{E024F8A0-6990-4C43-A94C-14DAD0F4CCA9}.Debug|iPhone.Deploy.0 = Debug|x86
		{E024F8A0-6990-4C43-A94C-14DAD0F4CCA9}.Debug|iPhoneSimulator.ActiveCfg = Debug|x86
		{E024F8A0-6990-4C43-A94C-14DAD0F4CCA9}.Debug|iPhoneSimulator.Build.0 = Debug|x86
		{E024F8A0-6990-4C43-A94C-14DAD0F4CCA9}.Debug|iPhoneSimulator.Deploy.0 = Debug|x86
		{E024F8A0-6990-4C43-A94C-14DAD0F4CCA9}.Debug|x64.ActiveCfg = Debug|x64
		{E024F8A0-6990-4C43-A94C-14DAD0F4CCA9}.Debug|x64.Build.0 = Debug|x64
		{E024F8A0-6990-4C43-A94C-14DAD0F4CCA9}.Debug|x64.Deploy.0 = Debug|x64
		{E024F8A0-6990-4C43-A94C-14DAD0F4CCA9}.Debug|x86.ActiveCfg = Debug|x86
		{E024F8A0-6990-4C43-A94C-14DAD0F4CCA9}.Debug|x86.Build.0 = Debug|x86
		{E024F8A0-6990-4C43-A94C-14DAD0F4CCA9}.Debug|x86.Deploy.0 = Debug|x86
		{E024F8A0-6990-4C43-A94C-14DAD0F4CCA9}.Release|Any CPU.ActiveCfg = Release|x86
		{E024F8A0-6990-4C43-A94C-14DAD0F4CCA9}.Release|Any CPU.Build.0 = Release|x86
		{E024F8A0-6990-4C43-A94C-14DAD0F4CCA9}.Release|Any CPU.Deploy.0 = Release|x86
		{E024F8A0-6990-4C43-A94C-14DAD0F4CCA9}.Release|ARM.ActiveCfg = Release|ARM
		{E024F8A0-6990-4C43-A94C-14DAD0F4CCA9}.Release|ARM.Build.0 = Release|ARM
		{E024F8A0-6990-4C43-A94C-14DAD0F4CCA9}.Release|ARM.Deploy.0 = Release|ARM
		{E024F8A0-6990-4C43-A94C-14DAD0F4CCA9}.Release|iPhone.ActiveCfg = Release|x86
		{E024F8A0-6990-4C43-A94C-14DAD0F4CCA9}.Release|iPhone.Build.0 = Release|x86
		{E024F8A0-6990-4C43-A94C-14DAD0F4CCA9}.Release|iPhone.Deploy.0 = Release|x86
		{E024F8A0-6990-4C43-A94C-14DAD0F4CCA9}.Release|iPhoneSimulator.ActiveCfg = Release|x86
		{E024F8A0-6990-4C43-A94C-14DAD0F4CCA9}.Release|iPhoneSimulator.Build.0 = Release|x86
		{E024F8A0-6990-4C43-A94C-14DAD0F4CCA9}.Release|iPhoneSimulator.Deploy.0 = Release|x86
		{E024F8A0-6990-4C43-A94C-14DAD0F4CCA9}.Release|x64.ActiveCfg = Release|x64
		{E024F8A0-6990-4C43-A94C-14DAD0F4CCA9}.Release|x64.Build.0 = Release|x64
		{E024F8A0-6990-4C43-A94C-14DAD0F4CCA9}.Release|x64.Deploy.0 = Release|x64
		{E024F8A0-6990-4C43-A94C-14DAD0F4CCA9}.Release|x86.ActiveCfg = Release|x86
		{E024F8A0-6990-4C43-A94C-14DAD0F4CCA9}.Release|x86.Build.0 = Release|x86
		{E024F8A0-6990-4C43-A94C-14DAD0F4CCA9}.Release|x86.Deploy.0 = Release|x86
		{13AD4311-6FF3-4B97-8D4C-8BA842D80C11}.Debug|Any CPU.ActiveCfg = Debug|Any CPU
		{13AD4311-6FF3-4B97-8D4C-8BA842D80C11}.Debug|Any CPU.Build.0 = Debug|Any CPU
		{13AD4311-6FF3-4B97-8D4C-8BA842D80C11}.Debug|Any CPU.Deploy.0 = Debug|Any CPU
		{13AD4311-6FF3-4B97-8D4C-8BA842D80C11}.Debug|ARM.ActiveCfg = Debug|Any CPU
		{13AD4311-6FF3-4B97-8D4C-8BA842D80C11}.Debug|ARM.Build.0 = Debug|Any CPU
		{13AD4311-6FF3-4B97-8D4C-8BA842D80C11}.Debug|ARM.Deploy.0 = Debug|Any CPU
		{13AD4311-6FF3-4B97-8D4C-8BA842D80C11}.Debug|iPhone.ActiveCfg = Debug|Any CPU
		{13AD4311-6FF3-4B97-8D4C-8BA842D80C11}.Debug|iPhone.Build.0 = Debug|Any CPU
		{13AD4311-6FF3-4B97-8D4C-8BA842D80C11}.Debug|iPhone.Deploy.0 = Debug|Any CPU
		{13AD4311-6FF3-4B97-8D4C-8BA842D80C11}.Debug|iPhoneSimulator.ActiveCfg = Debug|Any CPU
		{13AD4311-6FF3-4B97-8D4C-8BA842D80C11}.Debug|iPhoneSimulator.Build.0 = Debug|Any CPU
		{13AD4311-6FF3-4B97-8D4C-8BA842D80C11}.Debug|iPhoneSimulator.Deploy.0 = Debug|Any CPU
		{13AD4311-6FF3-4B97-8D4C-8BA842D80C11}.Debug|x64.ActiveCfg = Debug|Any CPU
		{13AD4311-6FF3-4B97-8D4C-8BA842D80C11}.Debug|x64.Build.0 = Debug|Any CPU
		{13AD4311-6FF3-4B97-8D4C-8BA842D80C11}.Debug|x64.Deploy.0 = Debug|Any CPU
		{13AD4311-6FF3-4B97-8D4C-8BA842D80C11}.Debug|x86.ActiveCfg = Debug|Any CPU
		{13AD4311-6FF3-4B97-8D4C-8BA842D80C11}.Debug|x86.Build.0 = Debug|Any CPU
		{13AD4311-6FF3-4B97-8D4C-8BA842D80C11}.Debug|x86.Deploy.0 = Debug|Any CPU
		{13AD4311-6FF3-4B97-8D4C-8BA842D80C11}.Release|Any CPU.ActiveCfg = Release|Any CPU
		{13AD4311-6FF3-4B97-8D4C-8BA842D80C11}.Release|Any CPU.Build.0 = Release|Any CPU
		{13AD4311-6FF3-4B97-8D4C-8BA842D80C11}.Release|Any CPU.Deploy.0 = Release|Any CPU
		{13AD4311-6FF3-4B97-8D4C-8BA842D80C11}.Release|ARM.ActiveCfg = Release|Any CPU
		{13AD4311-6FF3-4B97-8D4C-8BA842D80C11}.Release|ARM.Build.0 = Release|Any CPU
		{13AD4311-6FF3-4B97-8D4C-8BA842D80C11}.Release|ARM.Deploy.0 = Release|Any CPU
		{13AD4311-6FF3-4B97-8D4C-8BA842D80C11}.Release|iPhone.ActiveCfg = Release|Any CPU
		{13AD4311-6FF3-4B97-8D4C-8BA842D80C11}.Release|iPhone.Build.0 = Release|Any CPU
		{13AD4311-6FF3-4B97-8D4C-8BA842D80C11}.Release|iPhone.Deploy.0 = Release|Any CPU
		{13AD4311-6FF3-4B97-8D4C-8BA842D80C11}.Release|iPhoneSimulator.ActiveCfg = Release|Any CPU
		{13AD4311-6FF3-4B97-8D4C-8BA842D80C11}.Release|iPhoneSimulator.Build.0 = Release|Any CPU
		{13AD4311-6FF3-4B97-8D4C-8BA842D80C11}.Release|iPhoneSimulator.Deploy.0 = Release|Any CPU
		{13AD4311-6FF3-4B97-8D4C-8BA842D80C11}.Release|x64.ActiveCfg = Release|Any CPU
		{13AD4311-6FF3-4B97-8D4C-8BA842D80C11}.Release|x64.Build.0 = Release|Any CPU
		{13AD4311-6FF3-4B97-8D4C-8BA842D80C11}.Release|x64.Deploy.0 = Release|Any CPU
		{13AD4311-6FF3-4B97-8D4C-8BA842D80C11}.Release|x86.ActiveCfg = Release|Any CPU
		{13AD4311-6FF3-4B97-8D4C-8BA842D80C11}.Release|x86.Build.0 = Release|Any CPU
		{13AD4311-6FF3-4B97-8D4C-8BA842D80C11}.Release|x86.Deploy.0 = Release|Any CPU
		{52033941-83A4-4A3F-BB0A-DAADA9CE6208}.Debug|Any CPU.ActiveCfg = Debug|iPhone
		{52033941-83A4-4A3F-BB0A-DAADA9CE6208}.Debug|Any CPU.Build.0 = Debug|iPhone
		{52033941-83A4-4A3F-BB0A-DAADA9CE6208}.Debug|Any CPU.Deploy.0 = Debug|iPhone
		{52033941-83A4-4A3F-BB0A-DAADA9CE6208}.Debug|ARM.ActiveCfg = Debug|iPhoneSimulator
		{52033941-83A4-4A3F-BB0A-DAADA9CE6208}.Debug|ARM.Build.0 = Debug|iPhoneSimulator
		{52033941-83A4-4A3F-BB0A-DAADA9CE6208}.Debug|ARM.Deploy.0 = Debug|iPhoneSimulator
		{52033941-83A4-4A3F-BB0A-DAADA9CE6208}.Debug|iPhone.ActiveCfg = Debug|iPhone
		{52033941-83A4-4A3F-BB0A-DAADA9CE6208}.Debug|iPhone.Build.0 = Debug|iPhone
		{52033941-83A4-4A3F-BB0A-DAADA9CE6208}.Debug|iPhone.Deploy.0 = Debug|iPhone
		{52033941-83A4-4A3F-BB0A-DAADA9CE6208}.Debug|iPhoneSimulator.ActiveCfg = Debug|iPhoneSimulator
		{52033941-83A4-4A3F-BB0A-DAADA9CE6208}.Debug|iPhoneSimulator.Build.0 = Debug|iPhoneSimulator
		{52033941-83A4-4A3F-BB0A-DAADA9CE6208}.Debug|iPhoneSimulator.Deploy.0 = Debug|iPhoneSimulator
		{52033941-83A4-4A3F-BB0A-DAADA9CE6208}.Debug|x64.ActiveCfg = Debug|iPhone
		{52033941-83A4-4A3F-BB0A-DAADA9CE6208}.Debug|x64.Build.0 = Debug|iPhone
		{52033941-83A4-4A3F-BB0A-DAADA9CE6208}.Debug|x64.Deploy.0 = Debug|iPhone
		{52033941-83A4-4A3F-BB0A-DAADA9CE6208}.Debug|x86.ActiveCfg = Debug|iPhone
		{52033941-83A4-4A3F-BB0A-DAADA9CE6208}.Debug|x86.Build.0 = Debug|iPhone
		{52033941-83A4-4A3F-BB0A-DAADA9CE6208}.Debug|x86.Deploy.0 = Debug|iPhone
		{52033941-83A4-4A3F-BB0A-DAADA9CE6208}.Release|Any CPU.ActiveCfg = Release|iPhone
		{52033941-83A4-4A3F-BB0A-DAADA9CE6208}.Release|Any CPU.Build.0 = Release|iPhone
		{52033941-83A4-4A3F-BB0A-DAADA9CE6208}.Release|Any CPU.Deploy.0 = Release|iPhone
		{52033941-83A4-4A3F-BB0A-DAADA9CE6208}.Release|ARM.ActiveCfg = Release|iPhone
		{52033941-83A4-4A3F-BB0A-DAADA9CE6208}.Release|ARM.Build.0 = Release|iPhone
		{52033941-83A4-4A3F-BB0A-DAADA9CE6208}.Release|ARM.Deploy.0 = Release|iPhone
		{52033941-83A4-4A3F-BB0A-DAADA9CE6208}.Release|iPhone.ActiveCfg = Release|iPhone
		{52033941-83A4-4A3F-BB0A-DAADA9CE6208}.Release|iPhone.Build.0 = Release|iPhone
		{52033941-83A4-4A3F-BB0A-DAADA9CE6208}.Release|iPhone.Deploy.0 = Release|iPhone
		{52033941-83A4-4A3F-BB0A-DAADA9CE6208}.Release|iPhoneSimulator.ActiveCfg = Release|iPhoneSimulator
		{52033941-83A4-4A3F-BB0A-DAADA9CE6208}.Release|iPhoneSimulator.Build.0 = Release|iPhoneSimulator
		{52033941-83A4-4A3F-BB0A-DAADA9CE6208}.Release|iPhoneSimulator.Deploy.0 = Release|iPhoneSimulator
		{52033941-83A4-4A3F-BB0A-DAADA9CE6208}.Release|x64.ActiveCfg = Release|iPhone
		{52033941-83A4-4A3F-BB0A-DAADA9CE6208}.Release|x64.Build.0 = Release|iPhone
		{52033941-83A4-4A3F-BB0A-DAADA9CE6208}.Release|x64.Deploy.0 = Release|iPhone
		{52033941-83A4-4A3F-BB0A-DAADA9CE6208}.Release|x86.ActiveCfg = Release|iPhone
		{52033941-83A4-4A3F-BB0A-DAADA9CE6208}.Release|x86.Build.0 = Release|iPhone
		{52033941-83A4-4A3F-BB0A-DAADA9CE6208}.Release|x86.Deploy.0 = Release|iPhone
		{4363C972-1372-4DCF-8374-E665B54FDA8F}.Debug|Any CPU.ActiveCfg = Debug|Any CPU
		{4363C972-1372-4DCF-8374-E665B54FDA8F}.Debug|Any CPU.Build.0 = Debug|Any CPU
		{4363C972-1372-4DCF-8374-E665B54FDA8F}.Debug|Any CPU.Deploy.0 = Debug|Any CPU
		{4363C972-1372-4DCF-8374-E665B54FDA8F}.Debug|ARM.ActiveCfg = Debug|Any CPU
		{4363C972-1372-4DCF-8374-E665B54FDA8F}.Debug|ARM.Build.0 = Debug|Any CPU
		{4363C972-1372-4DCF-8374-E665B54FDA8F}.Debug|ARM.Deploy.0 = Debug|Any CPU
		{4363C972-1372-4DCF-8374-E665B54FDA8F}.Debug|iPhone.ActiveCfg = Debug|Any CPU
		{4363C972-1372-4DCF-8374-E665B54FDA8F}.Debug|iPhone.Build.0 = Debug|Any CPU
		{4363C972-1372-4DCF-8374-E665B54FDA8F}.Debug|iPhone.Deploy.0 = Debug|Any CPU
		{4363C972-1372-4DCF-8374-E665B54FDA8F}.Debug|iPhoneSimulator.ActiveCfg = Debug|Any CPU
		{4363C972-1372-4DCF-8374-E665B54FDA8F}.Debug|iPhoneSimulator.Build.0 = Debug|Any CPU
		{4363C972-1372-4DCF-8374-E665B54FDA8F}.Debug|iPhoneSimulator.Deploy.0 = Debug|Any CPU
		{4363C972-1372-4DCF-8374-E665B54FDA8F}.Debug|x64.ActiveCfg = Debug|Any CPU
		{4363C972-1372-4DCF-8374-E665B54FDA8F}.Debug|x64.Build.0 = Debug|Any CPU
		{4363C972-1372-4DCF-8374-E665B54FDA8F}.Debug|x64.Deploy.0 = Debug|Any CPU
		{4363C972-1372-4DCF-8374-E665B54FDA8F}.Debug|x86.ActiveCfg = Debug|Any CPU
		{4363C972-1372-4DCF-8374-E665B54FDA8F}.Debug|x86.Build.0 = Debug|Any CPU
		{4363C972-1372-4DCF-8374-E665B54FDA8F}.Debug|x86.Deploy.0 = Debug|Any CPU
		{4363C972-1372-4DCF-8374-E665B54FDA8F}.Release|Any CPU.ActiveCfg = Release|Any CPU
		{4363C972-1372-4DCF-8374-E665B54FDA8F}.Release|Any CPU.Build.0 = Release|Any CPU
		{4363C972-1372-4DCF-8374-E665B54FDA8F}.Release|Any CPU.Deploy.0 = Release|Any CPU
		{4363C972-1372-4DCF-8374-E665B54FDA8F}.Release|ARM.ActiveCfg = Release|Any CPU
		{4363C972-1372-4DCF-8374-E665B54FDA8F}.Release|ARM.Build.0 = Release|Any CPU
		{4363C972-1372-4DCF-8374-E665B54FDA8F}.Release|ARM.Deploy.0 = Release|Any CPU
		{4363C972-1372-4DCF-8374-E665B54FDA8F}.Release|iPhone.ActiveCfg = Release|Any CPU
		{4363C972-1372-4DCF-8374-E665B54FDA8F}.Release|iPhone.Build.0 = Release|Any CPU
		{4363C972-1372-4DCF-8374-E665B54FDA8F}.Release|iPhone.Deploy.0 = Release|Any CPU
		{4363C972-1372-4DCF-8374-E665B54FDA8F}.Release|iPhoneSimulator.ActiveCfg = Release|Any CPU
		{4363C972-1372-4DCF-8374-E665B54FDA8F}.Release|iPhoneSimulator.Build.0 = Release|Any CPU
		{4363C972-1372-4DCF-8374-E665B54FDA8F}.Release|iPhoneSimulator.Deploy.0 = Release|Any CPU
		{4363C972-1372-4DCF-8374-E665B54FDA8F}.Release|x64.ActiveCfg = Release|Any CPU
		{4363C972-1372-4DCF-8374-E665B54FDA8F}.Release|x64.Build.0 = Release|Any CPU
		{4363C972-1372-4DCF-8374-E665B54FDA8F}.Release|x64.Deploy.0 = Release|Any CPU
		{4363C972-1372-4DCF-8374-E665B54FDA8F}.Release|x86.ActiveCfg = Release|Any CPU
		{4363C972-1372-4DCF-8374-E665B54FDA8F}.Release|x86.Build.0 = Release|Any CPU
		{4363C972-1372-4DCF-8374-E665B54FDA8F}.Release|x86.Deploy.0 = Release|Any CPU
	EndGlobalSection
	GlobalSection(SolutionProperties) = preSolution
		HideSolutionNode = FALSE
	EndGlobalSection
	GlobalSection(ExtensibilityGlobals) = postSolution
		SolutionGuid = {6755CE10-BC5B-4D2A-859A-FFA2A08A8D7E}
	EndGlobalSection
EndGlobal
